// !$*UTF8*$!
{
	archiveVersion = 1;
	classes = {
	};
	objectVersion = 50;
	objects = {

/* Begin PBXBuildFile section */
		34149F00264A6C8A000499B4 /* AppDelegate.m in Sources */ = {isa = PBXBuildFile; fileRef = 34149EFF264A6C8A000499B4 /* AppDelegate.m */; };
		34149F03264A6C8A000499B4 /* SceneDelegate.m in Sources */ = {isa = PBXBuildFile; fileRef = 34149F02264A6C8A000499B4 /* SceneDelegate.m */; };
		34149F06264A6C8A000499B4 /* ViewController.m in Sources */ = {isa = PBXBuildFile; fileRef = 34149F05264A6C8A000499B4 /* ViewController.m */; };
		34149F09264A6C8A000499B4 /* Main.storyboard in Resources */ = {isa = PBXBuildFile; fileRef = 34149F07264A6C8A000499B4 /* Main.storyboard */; };
		34149F0B264A6C8D000499B4 /* Assets.xcassets in Resources */ = {isa = PBXBuildFile; fileRef = 34149F0A264A6C8D000499B4 /* Assets.xcassets */; };
		34149F0E264A6C8D000499B4 /* LaunchScreen.storyboard in Resources */ = {isa = PBXBuildFile; fileRef = 34149F0C264A6C8D000499B4 /* LaunchScreen.storyboard */; };
		34149F11264A6C8D000499B4 /* main.m in Sources */ = {isa = PBXBuildFile; fileRef = 34149F10264A6C8D000499B4 /* main.m */; };
		34149F1F264A6F39000499B4 /* MPSwizzler.m in Sources */ = {isa = PBXBuildFile; fileRef = 34149F1E264A6F39000499B4 /* MPSwizzler.m */; };
		34149F49264A7423000499B4 /* MPSwizzle.m in Sources */ = {isa = PBXBuildFile; fileRef = 34149F48264A7423000499B4 /* MPSwizzle.m */; };
		34B1F7F22653D087007A2AAC /* ProxyB.m in Sources */ = {isa = PBXBuildFile; fileRef = 34B1F7F02653D087007A2AAC /* ProxyB.m */; };
		34B1F7F32653D087007A2AAC /* ProxyA.m in Sources */ = {isa = PBXBuildFile; fileRef = 34B1F7F12653D087007A2AAC /* ProxyA.m */; };
		34B1F7F72653D1A0007A2AAC /* ProxyC.m in Sources */ = {isa = PBXBuildFile; fileRef = 34B1F7F62653D1A0007A2AAC /* ProxyC.m */; };
		34BF5694264B9EE200A3171F /* RSSwizzle.m in Sources */ = {isa = PBXBuildFile; fileRef = 34BF5693264B9EE200A3171F /* RSSwizzle.m */; };
/* End PBXBuildFile section */

/* Begin PBXFileReference section */
		34149EFB264A6C8A000499B4 /* Test.app */ = {isa = PBXFileReference; explicitFileType = wrapper.application; includeInIndex = 0; path = Test.app; sourceTree = BUILT_PRODUCTS_DIR; };
		34149EFE264A6C8A000499B4 /* AppDelegate.h */ = {isa = PBXFileReference; lastKnownFileType = sourcecode.c.h; path = AppDelegate.h; sourceTree = "<group>"; };
		34149EFF264A6C8A000499B4 /* AppDelegate.m */ = {isa = PBXFileReference; lastKnownFileType = sourcecode.c.objc; path = AppDelegate.m; sourceTree = "<group>"; };
		34149F01264A6C8A000499B4 /* SceneDelegate.h */ = {isa = PBXFileReference; lastKnownFileType = sourcecode.c.h; path = SceneDelegate.h; sourceTree = "<group>"; };
		34149F02264A6C8A000499B4 /* SceneDelegate.m */ = {isa = PBXFileReference; lastKnownFileType = sourcecode.c.objc; path = SceneDelegate.m; sourceTree = "<group>"; };
		34149F04264A6C8A000499B4 /* ViewController.h */ = {isa = PBXFileReference; lastKnownFileType = sourcecode.c.h; path = ViewController.h; sourceTree = "<group>"; };
		34149F05264A6C8A000499B4 /* ViewController.m */ = {isa = PBXFileReference; lastKnownFileType = sourcecode.c.objc; path = ViewController.m; sourceTree = "<group>"; };
		34149F08264A6C8A000499B4 /* Base */ = {isa = PBXFileReference; lastKnownFileType = file.storyboard; name = Base; path = Base.lproj/Main.storyboard; sourceTree = "<group>"; };
		34149F0A264A6C8D000499B4 /* Assets.xcassets */ = {isa = PBXFileReference; lastKnownFileType = folder.assetcatalog; path = Assets.xcassets; sourceTree = "<group>"; };
		34149F0D264A6C8D000499B4 /* Base */ = {isa = PBXFileReference; lastKnownFileType = file.storyboard; name = Base; path = Base.lproj/LaunchScreen.storyboard; sourceTree = "<group>"; };
		34149F0F264A6C8D000499B4 /* Info.plist */ = {isa = PBXFileReference; lastKnownFileType = text.plist.xml; path = Info.plist; sourceTree = "<group>"; };
		34149F10264A6C8D000499B4 /* main.m */ = {isa = PBXFileReference; lastKnownFileType = sourcecode.c.objc; path = main.m; sourceTree = "<group>"; };
		34149F1D264A6F38000499B4 /* MPSwizzler.h */ = {isa = PBXFileReference; lastKnownFileType = sourcecode.c.h; path = MPSwizzler.h; sourceTree = "<group>"; };
		34149F1E264A6F39000499B4 /* MPSwizzler.m */ = {isa = PBXFileReference; lastKnownFileType = sourcecode.c.objc; path = MPSwizzler.m; sourceTree = "<group>"; };
		34149F47264A7423000499B4 /* MPSwizzle.h */ = {isa = PBXFileReference; lastKnownFileType = sourcecode.c.h; path = MPSwizzle.h; sourceTree = "<group>"; };
		34149F48264A7423000499B4 /* MPSwizzle.m */ = {isa = PBXFileReference; lastKnownFileType = sourcecode.c.objc; path = MPSwizzle.m; sourceTree = "<group>"; };
		34B1F7EE2653D087007A2AAC /* ProxyB.h */ = {isa = PBXFileReference; fileEncoding = 4; lastKnownFileType = sourcecode.c.h; path = ProxyB.h; sourceTree = "<group>"; };
		34B1F7EF2653D087007A2AAC /* ProxyA.h */ = {isa = PBXFileReference; fileEncoding = 4; lastKnownFileType = sourcecode.c.h; path = ProxyA.h; sourceTree = "<group>"; };
		34B1F7F02653D087007A2AAC /* ProxyB.m */ = {isa = PBXFileReference; fileEncoding = 4; lastKnownFileType = sourcecode.c.objc; path = ProxyB.m; sourceTree = "<group>"; };
		34B1F7F12653D087007A2AAC /* ProxyA.m */ = {isa = PBXFileReference; fileEncoding = 4; lastKnownFileType = sourcecode.c.objc; path = ProxyA.m; sourceTree = "<group>"; };
		34B1F7F52653D1A0007A2AAC /* ProxyC.h */ = {isa = PBXFileReference; lastKnownFileType = sourcecode.c.h; path = ProxyC.h; sourceTree = "<group>"; };
		34B1F7F62653D1A0007A2AAC /* ProxyC.m */ = {isa = PBXFileReference; lastKnownFileType = sourcecode.c.objc; path = ProxyC.m; sourceTree = "<group>"; };
		34BF5692264B9EE200A3171F /* RSSwizzle.h */ = {isa = PBXFileReference; fileEncoding = 4; lastKnownFileType = sourcecode.c.h; path = RSSwizzle.h; sourceTree = "<group>"; };
		34BF5693264B9EE200A3171F /* RSSwizzle.m */ = {isa = PBXFileReference; fileEncoding = 4; lastKnownFileType = sourcecode.c.objc; path = RSSwizzle.m; sourceTree = "<group>"; };
/* End PBXFileReference section */

/* Begin PBXFrameworksBuildPhase section */
		34149EF8264A6C8A000499B4 /* Frameworks */ = {
			isa = PBXFrameworksBuildPhase;
			buildActionMask = 2147483647;
			files = (
			);
			runOnlyForDeploymentPostprocessing = 0;
		};
/* End PBXFrameworksBuildPhase section */

/* Begin PBXGroup section */
		34149EF2264A6C8A000499B4 = {
			isa = PBXGroup;
			children = (
				34149EFD264A6C8A000499B4 /* Test */,
				34149EFC264A6C8A000499B4 /* Products */,
			);
			sourceTree = "<group>";
		};
		34149EFC264A6C8A000499B4 /* Products */ = {
			isa = PBXGroup;
			children = (
				34149EFB264A6C8A000499B4 /* Test.app */,
			);
			name = Products;
			sourceTree = "<group>";
		};
		34149EFD264A6C8A000499B4 /* Test */ = {
			isa = PBXGroup;
			children = (
				34BF5692264B9EE200A3171F /* RSSwizzle.h */,
				34BF5693264B9EE200A3171F /* RSSwizzle.m */,
				34149EFE264A6C8A000499B4 /* AppDelegate.h */,
				34149EFF264A6C8A000499B4 /* AppDelegate.m */,
				34149F01264A6C8A000499B4 /* SceneDelegate.h */,
				34149F02264A6C8A000499B4 /* SceneDelegate.m */,
				34149F04264A6C8A000499B4 /* ViewController.h */,
				34149F05264A6C8A000499B4 /* ViewController.m */,
				34149F07264A6C8A000499B4 /* Main.storyboard */,
				34149F0A264A6C8D000499B4 /* Assets.xcassets */,
				34149F0C264A6C8D000499B4 /* LaunchScreen.storyboard */,
				34149F0F264A6C8D000499B4 /* Info.plist */,
				34149F10264A6C8D000499B4 /* main.m */,
				34149F47264A7423000499B4 /* MPSwizzle.h */,
				34149F48264A7423000499B4 /* MPSwizzle.m */,
				34149F1D264A6F38000499B4 /* MPSwizzler.h */,
				34149F1E264A6F39000499B4 /* MPSwizzler.m */,
				34B1F7EF2653D087007A2AAC /* ProxyA.h */,
				34B1F7F12653D087007A2AAC /* ProxyA.m */,
				34B1F7EE2653D087007A2AAC /* ProxyB.h */,
				34B1F7F02653D087007A2AAC /* ProxyB.m */,
				34B1F7F52653D1A0007A2AAC /* ProxyC.h */,
				34B1F7F62653D1A0007A2AAC /* ProxyC.m */,
			);
			path = Test;
			sourceTree = "<group>";
		};
/* End PBXGroup section */

/* Begin PBXNativeTarget section */
		34149EFA264A6C8A000499B4 /* Test */ = {
			isa = PBXNativeTarget;
			buildConfigurationList = 34149F14264A6C8D000499B4 /* Build configuration list for PBXNativeTarget "Test" */;
			buildPhases = (
				34149EF7264A6C8A000499B4 /* Sources */,
				34149EF8264A6C8A000499B4 /* Frameworks */,
				34149EF9264A6C8A000499B4 /* Resources */,
			);
			buildRules = (
			);
			dependencies = (
			);
			name = Test;
			productName = Test;
			productReference = 34149EFB264A6C8A000499B4 /* Test.app */;
			productType = "com.apple.product-type.application";
		};
/* End PBXNativeTarget section */

/* Begin PBXProject section */
		34149EF3264A6C8A000499B4 /* Project object */ = {
			isa = PBXProject;
			attributes = {
				LastUpgradeCheck = 1240;
				TargetAttributes = {
					34149EFA264A6C8A000499B4 = {
						CreatedOnToolsVersion = 12.4;
					};
				};
			};
			buildConfigurationList = 34149EF6264A6C8A000499B4 /* Build configuration list for PBXProject "Test" */;
			compatibilityVersion = "Xcode 9.3";
			developmentRegion = en;
			hasScannedForEncodings = 0;
			knownRegions = (
				en,
				Base,
			);
			mainGroup = 34149EF2264A6C8A000499B4;
			productRefGroup = 34149EFC264A6C8A000499B4 /* Products */;
			projectDirPath = "";
			projectRoot = "";
			targets = (
				34149EFA264A6C8A000499B4 /* Test */,
			);
		};
/* End PBXProject section */

/* Begin PBXResourcesBuildPhase section */
		34149EF9264A6C8A000499B4 /* Resources */ = {
			isa = PBXResourcesBuildPhase;
			buildActionMask = 2147483647;
			files = (
				34149F0E264A6C8D000499B4 /* LaunchScreen.storyboard in Resources */,
				34149F0B264A6C8D000499B4 /* Assets.xcassets in Resources */,
				34149F09264A6C8A000499B4 /* Main.storyboard in Resources */,
			);
			runOnlyForDeploymentPostprocessing = 0;
		};
/* End PBXResourcesBuildPhase section */

/* Begin PBXSourcesBuildPhase section */
		34149EF7264A6C8A000499B4 /* Sources */ = {
			isa = PBXSourcesBuildPhase;
			buildActionMask = 2147483647;
			files = (
				34B1F7F22653D087007A2AAC /* ProxyB.m in Sources */,
				34149F06264A6C8A000499B4 /* ViewController.m in Sources */,
				34B1F7F32653D087007A2AAC /* ProxyA.m in Sources */,
				34149F00264A6C8A000499B4 /* AppDelegate.m in Sources */,
				34BF5694264B9EE200A3171F /* RSSwizzle.m in Sources */,
				34149F11264A6C8D000499B4 /* main.m in Sources */,
				34B1F7F72653D1A0007A2AAC /* ProxyC.m in Sources */,
				34149F1F264A6F39000499B4 /* MPSwizzler.m in Sources */,
				34149F49264A7423000499B4 /* MPSwizzle.m in Sources */,
				34149F03264A6C8A000499B4 /* SceneDelegate.m in Sources */,
			);
			runOnlyForDeploymentPostprocessing = 0;
		};
/* End PBXSourcesBuildPhase section */

/* Begin PBXVariantGroup section */
		34149F07264A6C8A000499B4 /* Main.storyboard */ = {
			isa = PBXVariantGroup;
			children = (
				34149F08264A6C8A000499B4 /* Base */,
			);
			name = Main.storyboard;
			sourceTree = "<group>";
		};
		34149F0C264A6C8D000499B4 /* LaunchScreen.storyboard */ = {
			isa = PBXVariantGroup;
			children = (
				34149F0D264A6C8D000499B4 /* Base */,
			);
			name = LaunchScreen.storyboard;
			sourceTree = "<group>";
		};
/* End PBXVariantGroup section */

/* Begin XCBuildConfiguration section */
		34149F12264A6C8D000499B4 /* Debug */ = {
			isa = XCBuildConfiguration;
			buildSettings = {
				ALWAYS_SEARCH_USER_PATHS = NO;
				CLANG_ANALYZER_NONNULL = YES;
				CLANG_ANALYZER_NUMBER_OBJECT_CONVERSION = YES_AGGRESSIVE;
				CLANG_CXX_LANGUAGE_STANDARD = "gnu++14";
				CLANG_CXX_LIBRARY = "libc++";
				CLANG_ENABLE_MODULES = YES;
				CLANG_ENABLE_OBJC_ARC = YES;
				CLANG_ENABLE_OBJC_WEAK = YES;
				CLANG_WARN_BLOCK_CAPTURE_AUTORELEASING = YES;
				CLANG_WARN_BOOL_CONVERSION = YES;
				CLANG_WARN_COMMA = YES;
				CLANG_WARN_CONSTANT_CONVERSION = YES;
				CLANG_WARN_DEPRECATED_OBJC_IMPLEMENTATIONS = YES;
				CLANG_WARN_DIRECT_OBJC_ISA_USAGE = YES_ERROR;
				CLANG_WARN_DOCUMENTATION_COMMENTS = YES;
				CLANG_WARN_EMPTY_BODY = YES;
				CLANG_WARN_ENUM_CONVERSION = YES;
				CLANG_WARN_INFINITE_RECURSION = YES;
				CLANG_WARN_INT_CONVERSION = YES;
				CLANG_WARN_NON_LITERAL_NULL_CONVERSION = YES;
				CLANG_WARN_OBJC_IMPLICIT_RETAIN_SELF = YES;
				CLANG_WARN_OBJC_LITERAL_CONVERSION = YES;
				CLANG_WARN_OBJC_ROOT_CLASS = YES_ERROR;
				CLANG_WARN_QUOTED_INCLUDE_IN_FRAMEWORK_HEADER = YES;
				CLANG_WARN_RANGE_LOOP_ANALYSIS = YES;
				CLANG_WARN_STRICT_PROTOTYPES = YES;
				CLANG_WARN_SUSPICIOUS_MOVE = YES;
				CLANG_WARN_UNGUARDED_AVAILABILITY = YES_AGGRESSIVE;
				CLANG_WARN_UNREACHABLE_CODE = YES;
				CLANG_WARN__DUPLICATE_METHOD_MATCH = YES;
				COPY_PHASE_STRIP = NO;
				DEBUG_INFORMATION_FORMAT = dwarf;
				ENABLE_STRICT_OBJC_MSGSEND = YES;
				ENABLE_TESTABILITY = YES;
				GCC_C_LANGUAGE_STANDARD = gnu11;
				GCC_DYNAMIC_NO_PIC = NO;
				GCC_NO_COMMON_BLOCKS = YES;
				GCC_OPTIMIZATION_LEVEL = 0;
				GCC_PREPROCESSOR_DEFINITIONS = (
					"DEBUG=1",
					"$(inherited)",
				);
				GCC_WARN_64_TO_32_BIT_CONVERSION = YES;
				GCC_WARN_ABOUT_RETURN_TYPE = YES_ERROR;
				GCC_WARN_UNDECLARED_SELECTOR = YES;
				GCC_WARN_UNINITIALIZED_AUTOS = YES_AGGRESSIVE;
				GCC_WARN_UNUSED_FUNCTION = YES;
				GCC_WARN_UNUSED_VARIABLE = YES;
				IPHONEOS_DEPLOYMENT_TARGET = 14.4;
				MTL_ENABLE_DEBUG_INFO = INCLUDE_SOURCE;
				MTL_FAST_MATH = YES;
				ONLY_ACTIVE_ARCH = YES;
				SDKROOT = iphoneos;
			};
			name = Debug;
		};
		34149F13264A6C8D000499B4 /* Release */ = {
			isa = XCBuildConfiguration;
			buildSettings = {
				ALWAYS_SEARCH_USER_PATHS = NO;
				CLANG_ANALYZER_NONNULL = YES;
				CLANG_ANALYZER_NUMBER_OBJECT_CONVERSION = YES_AGGRESSIVE;
				CLANG_CXX_LANGUAGE_STANDARD = "gnu++14";
				CLANG_CXX_LIBRARY = "libc++";
				CLANG_ENABLE_MODULES = YES;
				CLANG_ENABLE_OBJC_ARC = YES;
				CLANG_ENABLE_OBJC_WEAK = YES;
				CLANG_WARN_BLOCK_CAPTURE_AUTORELEASING = YES;
				CLANG_WARN_BOOL_CONVERSION = YES;
				CLANG_WARN_COMMA = YES;
				CLANG_WARN_CONSTANT_CONVERSION = YES;
				CLANG_WARN_DEPRECATED_OBJC_IMPLEMENTATIONS = YES;
				CLANG_WARN_DIRECT_OBJC_ISA_USAGE = YES_ERROR;
				CLANG_WARN_DOCUMENTATION_COMMENTS = YES;
				CLANG_WARN_EMPTY_BODY = YES;
				CLANG_WARN_ENUM_CONVERSION = YES;
				CLANG_WARN_INFINITE_RECURSION = YES;
				CLANG_WARN_INT_CONVERSION = YES;
				CLANG_WARN_NON_LITERAL_NULL_CONVERSION = YES;
				CLANG_WARN_OBJC_IMPLICIT_RETAIN_SELF = YES;
				CLANG_WARN_OBJC_LITERAL_CONVERSION = YES;
				CLANG_WARN_OBJC_ROOT_CLASS = YES_ERROR;
				CLANG_WARN_QUOTED_INCLUDE_IN_FRAMEWORK_HEADER = YES;
				CLANG_WARN_RANGE_LOOP_ANALYSIS = YES;
				CLANG_WARN_STRICT_PROTOTYPES = YES;
				CLANG_WARN_SUSPICIOUS_MOVE = YES;
				CLANG_WARN_UNGUARDED_AVAILABILITY = YES_AGGRESSIVE;
				CLANG_WARN_UNREACHABLE_CODE = YES;
				CLANG_WARN__DUPLICATE_METHOD_MATCH = YES;
				COPY_PHASE_STRIP = NO;
				DEBUG_INFORMATION_FORMAT = "dwarf-with-dsym";
				ENABLE_NS_ASSERTIONS = NO;
				ENABLE_STRICT_OBJC_MSGSEND = YES;
				GCC_C_LANGUAGE_STANDARD = gnu11;
				GCC_NO_COMMON_BLOCKS = YES;
				GCC_WARN_64_TO_32_BIT_CONVERSION = YES;
				GCC_WARN_ABOUT_RETURN_TYPE = YES_ERROR;
				GCC_WARN_UNDECLARED_SELECTOR = YES;
				GCC_WARN_UNINITIALIZED_AUTOS = YES_AGGRESSIVE;
				GCC_WARN_UNUSED_FUNCTION = YES;
				GCC_WARN_UNUSED_VARIABLE = YES;
				IPHONEOS_DEPLOYMENT_TARGET = 14.4;
				MTL_ENABLE_DEBUG_INFO = NO;
				MTL_FAST_MATH = YES;
				SDKROOT = iphoneos;
				VALIDATE_PRODUCT = YES;
			};
			name = Release;
		};
		34149F15264A6C8D000499B4 /* Debug */ = {
			isa = XCBuildConfiguration;
			buildSettings = {
				ASSETCATALOG_COMPILER_APPICON_NAME = AppIcon;
				ASSETCATALOG_COMPILER_GLOBAL_ACCENT_COLOR_NAME = AccentColor;
				CODE_SIGN_STYLE = Automatic;
				DEVELOPMENT_TEAM = W5NE97EJH6;
				INFOPLIST_FILE = Test/Info.plist;
				IPHONEOS_DEPLOYMENT_TARGET = 12.3;
				LD_RUNPATH_SEARCH_PATHS = (
					"$(inherited)",
					"@executable_path/Frameworks",
				);
				PRODUCT_BUNDLE_IDENTIFIER = com.oyomol.xixi;
				PRODUCT_NAME = "$(TARGET_NAME)";
				TARGETED_DEVICE_FAMILY = "1,2";
			};
			name = Debug;
		};
		34149F16264A6C8D000499B4 /* Release */ = {
			isa = XCBuildConfiguration;
			buildSettings = {
				ASSETCATALOG_COMPILER_APPICON_NAME = AppIcon;
				ASSETCATALOG_COMPILER_GLOBAL_ACCENT_COLOR_NAME = AccentColor;
				CODE_SIGN_STYLE = Automatic;
				DEVELOPMENT_TEAM = W5NE97EJH6;
				INFOPLIST_FILE = Test/Info.plist;
				IPHONEOS_DEPLOYMENT_TARGET = 12.3;
				LD_RUNPATH_SEARCH_PATHS = (
					"$(inherited)",
					"@executable_path/Frameworks",
				);
				PRODUCT_BUNDLE_IDENTIFIER = com.oyomol.xixi;
				PRODUCT_NAME = "$(TARGET_NAME)";
				TARGETED_DEVICE_FAMILY = "1,2";
			};
			name = Release;
		};
/* End XCBuildConfiguration section */

/* Begin XCConfigurationList section */
		34149EF6264A6C8A000499B4 /* Build configuration list for PBXProject "Test" */ = {
			isa = XCConfigurationList;
			buildConfigurations = (
				34149F12264A6C8D000499B4 /* Debug */,
				34149F13264A6C8D000499B4 /* Release */,
			);
			defaultConfigurationIsVisible = 0;
			defaultConfigurationName = Release;
		};
		34149F14264A6C8D000499B4 /* Build configuration list for PBXNativeTarget "Test" */ = {
			isa = XCConfigurationList;
			buildConfigurations = (
				34149F15264A6C8D000499B4 /* Debug */,
				34149F16264A6C8D000499B4 /* Release */,
			);
			defaultConfigurationIsVisible = 0;
			defaultConfigurationName = Release;
		};
/* End XCConfigurationList section */
	};
	rootObject = 34149EF3264A6C8A000499B4 /* Project object */;
}
